// !$*UTF8*$!
{
	archiveVersion = 1;
	classes = {
	};
	objectVersion = 56;
	objects = {

/* Begin PBXBuildFile section */
		254007522B3761F9003DF755 /* WeatherData.swift in Sources */ = {isa = PBXBuildFile; fileRef = 254007512B3761F9003DF755 /* WeatherData.swift */; };
		254007542B376820003DF755 /* clearsky.json in Resources */ = {isa = PBXBuildFile; fileRef = 254007532B376820003DF755 /* clearsky.json */; };
		254007562B376884003DF755 /* WeatherData+Preview.swift in Sources */ = {isa = PBXBuildFile; fileRef = 254007552B376884003DF755 /* WeatherData+Preview.swift */; };
		254007592B384CD9003DF755 /* WeatherDataDecoder.swift in Sources */ = {isa = PBXBuildFile; fileRef = 254007582B384CD9003DF755 /* WeatherDataDecoder.swift */; };
		2540075C2B3851BD003DF755 /* WeatherService.swift in Sources */ = {isa = PBXBuildFile; fileRef = 2540075B2B3851BD003DF755 /* WeatherService.swift */; };
		2540075E2B3852BC003DF755 /* WeatherClient.swift in Sources */ = {isa = PBXBuildFile; fileRef = 2540075D2B3852BC003DF755 /* WeatherClient.swift */; };
		2544407B2B2CB45900343890 /* Geocoder.swift in Sources */ = {isa = PBXBuildFile; fileRef = 2544407A2B2CB45900343890 /* Geocoder.swift */; };
		2544407E2B2CB4C400343890 /* CLGeocoder+Geocoder.swift in Sources */ = {isa = PBXBuildFile; fileRef = 2544407D2B2CB4C400343890 /* CLGeocoder+Geocoder.swift */; };
		254440802B2DBFEE00343890 /* MessageView.swift in Sources */ = {isa = PBXBuildFile; fileRef = 2544407F2B2DBFEE00343890 /* MessageView.swift */; };
		254440822B2DC01C00343890 /* AddLocationListView.swift in Sources */ = {isa = PBXBuildFile; fileRef = 254440812B2DC01C00343890 /* AddLocationListView.swift */; };
		254440842B2F32CF00343890 /* UserDefaults+Location.swift in Sources */ = {isa = PBXBuildFile; fileRef = 254440832B2F32CF00343890 /* UserDefaults+Location.swift */; };
		254440872B36EC8100343890 /* Store.swift in Sources */ = {isa = PBXBuildFile; fileRef = 254440862B36EC8100343890 /* Store.swift */; };
		254440892B36EFE000343890 /* PreviewStore.swift in Sources */ = {isa = PBXBuildFile; fileRef = 254440882B36EFE000343890 /* PreviewStore.swift */; };
		25926CC62B1B5F6B0030373C /* ThunderstormApp.swift in Sources */ = {isa = PBXBuildFile; fileRef = 25926CC52B1B5F6B0030373C /* ThunderstormApp.swift */; };
		25926CCA2B1B5F6C0030373C /* Assets.xcassets in Resources */ = {isa = PBXBuildFile; fileRef = 25926CC92B1B5F6C0030373C /* Assets.xcassets */; };
		25926CCD2B1B5F6C0030373C /* Preview Assets.xcassets in Resources */ = {isa = PBXBuildFile; fileRef = 25926CCC2B1B5F6C0030373C /* Preview Assets.xcassets */; };
		25926CD82B1B61020030373C /* LocationsView.swift in Sources */ = {isa = PBXBuildFile; fileRef = 25926CD72B1B61020030373C /* LocationsView.swift */; };
		25926CDA2B1B610A0030373C /* LocationsViewModel.swift in Sources */ = {isa = PBXBuildFile; fileRef = 25926CD92B1B610A0030373C /* LocationsViewModel.swift */; };
		25926CDD2B1B662E0030373C /* Location.swift in Sources */ = {isa = PBXBuildFile; fileRef = 25926CDC2B1B662E0030373C /* Location.swift */; };
		25926CDF2B1B678F0030373C /* LocationCellViewModel.swift in Sources */ = {isa = PBXBuildFile; fileRef = 25926CDE2B1B678F0030373C /* LocationCellViewModel.swift */; };
		25926CE22B1BBFC80030373C /* LocationCellView.swift in Sources */ = {isa = PBXBuildFile; fileRef = 25926CE12B1BBFC80030373C /* LocationCellView.swift */; };
		25926CE52B1CA5090030373C /* LocationView.swift in Sources */ = {isa = PBXBuildFile; fileRef = 25926CE42B1CA5090030373C /* LocationView.swift */; };
		25926CE82B1CA5160030373C /* LocationViewModel.swift in Sources */ = {isa = PBXBuildFile; fileRef = 25926CE72B1CA5160030373C /* LocationViewModel.swift */; };
		25926CEA2B1CA6020030373C /* CurrentConditionsView.swift in Sources */ = {isa = PBXBuildFile; fileRef = 25926CE92B1CA6020030373C /* CurrentConditionsView.swift */; };
		25926CEC2B1CA6280030373C /* CurrentConditionsViewModel.swift in Sources */ = {isa = PBXBuildFile; fileRef = 25926CEB2B1CA6280030373C /* CurrentConditionsViewModel.swift */; };
		25926CEE2B1CA6450030373C /* ForecastView.swift in Sources */ = {isa = PBXBuildFile; fileRef = 25926CED2B1CA6450030373C /* ForecastView.swift */; };
		25926CF02B1CA6680030373C /* ForecastViewModel.swift in Sources */ = {isa = PBXBuildFile; fileRef = 25926CEF2B1CA6680030373C /* ForecastViewModel.swift */; };
		25926CF22B1CB6580030373C /* ForecastCellView.swift in Sources */ = {isa = PBXBuildFile; fileRef = 25926CF12B1CB6580030373C /* ForecastCellView.swift */; };
		25926CF42B1CB6750030373C /* ForecastCellViewModel.swift in Sources */ = {isa = PBXBuildFile; fileRef = 25926CF32B1CB6750030373C /* ForecastCellViewModel.swift */; };
		25926CF72B1CE6170030373C /* Colors.swift in Sources */ = {isa = PBXBuildFile; fileRef = 25926CF62B1CE6170030373C /* Colors.swift */; };
		25EA407F2B1CFE2E00A3F086 /* AddLocationView.swift in Sources */ = {isa = PBXBuildFile; fileRef = 25EA407E2B1CFE2E00A3F086 /* AddLocationView.swift */; };
		25EA40832B1CFE3E00A3F086 /* AddLocationViewModel.swift in Sources */ = {isa = PBXBuildFile; fileRef = 25EA40822B1CFE3E00A3F086 /* AddLocationViewModel.swift */; };
		25EA40872B1D008700A3F086 /* AddLocationCellView.swift in Sources */ = {isa = PBXBuildFile; fileRef = 25EA40862B1D008700A3F086 /* AddLocationCellView.swift */; };
		25EA40892B1D00C200A3F086 /* AddLocationCellViewModel.swift in Sources */ = {isa = PBXBuildFile; fileRef = 25EA40882B1D00C200A3F086 /* AddLocationCellViewModel.swift */; };
		25EA408C2B25F79D00A3F086 /* GeocodingService.swift in Sources */ = {isa = PBXBuildFile; fileRef = 25EA408B2B25F79D00A3F086 /* GeocodingService.swift */; };
		25EA408E2B25F82B00A3F086 /* GeocodingPreviewClient.swift in Sources */ = {isa = PBXBuildFile; fileRef = 25EA408D2B25F82B00A3F086 /* GeocodingPreviewClient.swift */; };
		25EA40902B25F84400A3F086 /* GeocodingClient.swift in Sources */ = {isa = PBXBuildFile; fileRef = 25EA408F2B25F84400A3F086 /* GeocodingClient.swift */; };
/* End PBXBuildFile section */

/* Begin PBXFileReference section */
		254007512B3761F9003DF755 /* WeatherData.swift */ = {isa = PBXFileReference; lastKnownFileType = sourcecode.swift; path = WeatherData.swift; sourceTree = "<group>"; };
		254007532B376820003DF755 /* clearsky.json */ = {isa = PBXFileReference; fileEncoding = 4; lastKnownFileType = text.json; path = clearsky.json; sourceTree = "<group>"; };
		254007552B376884003DF755 /* WeatherData+Preview.swift */ = {isa = PBXFileReference; lastKnownFileType = sourcecode.swift; path = "WeatherData+Preview.swift"; sourceTree = "<group>"; };
		254007582B384CD9003DF755 /* WeatherDataDecoder.swift */ = {isa = PBXFileReference; lastKnownFileType = sourcecode.swift; path = WeatherDataDecoder.swift; sourceTree = "<group>"; };
		2540075B2B3851BD003DF755 /* WeatherService.swift */ = {isa = PBXFileReference; lastKnownFileType = sourcecode.swift; path = WeatherService.swift; sourceTree = "<group>"; };
		2540075D2B3852BC003DF755 /* WeatherClient.swift */ = {isa = PBXFileReference; lastKnownFileType = sourcecode.swift; path = WeatherClient.swift; sourceTree = "<group>"; };
		2544407A2B2CB45900343890 /* Geocoder.swift */ = {isa = PBXFileReference; lastKnownFileType = sourcecode.swift; path = Geocoder.swift; sourceTree = "<group>"; };
		2544407D2B2CB4C400343890 /* CLGeocoder+Geocoder.swift */ = {isa = PBXFileReference; lastKnownFileType = sourcecode.swift; path = "CLGeocoder+Geocoder.swift"; sourceTree = "<group>"; };
		2544407F2B2DBFEE00343890 /* MessageView.swift */ = {isa = PBXFileReference; lastKnownFileType = sourcecode.swift; path = MessageView.swift; sourceTree = "<group>"; };
		254440812B2DC01C00343890 /* AddLocationListView.swift */ = {isa = PBXFileReference; lastKnownFileType = sourcecode.swift; path = AddLocationListView.swift; sourceTree = "<group>"; };
		254440832B2F32CF00343890 /* UserDefaults+Location.swift */ = {isa = PBXFileReference; lastKnownFileType = sourcecode.swift; path = "UserDefaults+Location.swift"; sourceTree = "<group>"; };
		254440862B36EC8100343890 /* Store.swift */ = {isa = PBXFileReference; lastKnownFileType = sourcecode.swift; path = Store.swift; sourceTree = "<group>"; };
		254440882B36EFE000343890 /* PreviewStore.swift */ = {isa = PBXFileReference; lastKnownFileType = sourcecode.swift; path = PreviewStore.swift; sourceTree = "<group>"; };
		25926CC22B1B5F6B0030373C /* Thunderstorm.app */ = {isa = PBXFileReference; explicitFileType = wrapper.application; includeInIndex = 0; path = Thunderstorm.app; sourceTree = BUILT_PRODUCTS_DIR; };
		25926CC52B1B5F6B0030373C /* ThunderstormApp.swift */ = {isa = PBXFileReference; lastKnownFileType = sourcecode.swift; path = ThunderstormApp.swift; sourceTree = "<group>"; };
		25926CC92B1B5F6C0030373C /* Assets.xcassets */ = {isa = PBXFileReference; lastKnownFileType = folder.assetcatalog; path = Assets.xcassets; sourceTree = "<group>"; };
		25926CCC2B1B5F6C0030373C /* Preview Assets.xcassets */ = {isa = PBXFileReference; lastKnownFileType = folder.assetcatalog; path = "Preview Assets.xcassets"; sourceTree = "<group>"; };
		25926CD72B1B61020030373C /* LocationsView.swift */ = {isa = PBXFileReference; lastKnownFileType = sourcecode.swift; path = LocationsView.swift; sourceTree = "<group>"; };
		25926CD92B1B610A0030373C /* LocationsViewModel.swift */ = {isa = PBXFileReference; lastKnownFileType = sourcecode.swift; path = LocationsViewModel.swift; sourceTree = "<group>"; };
		25926CDC2B1B662E0030373C /* Location.swift */ = {isa = PBXFileReference; lastKnownFileType = sourcecode.swift; path = Location.swift; sourceTree = "<group>"; };
		25926CDE2B1B678F0030373C /* LocationCellViewModel.swift */ = {isa = PBXFileReference; lastKnownFileType = sourcecode.swift; path = LocationCellViewModel.swift; sourceTree = "<group>"; };
		25926CE12B1BBFC80030373C /* LocationCellView.swift */ = {isa = PBXFileReference; lastKnownFileType = sourcecode.swift; path = LocationCellView.swift; sourceTree = "<group>"; };
		25926CE42B1CA5090030373C /* LocationView.swift */ = {isa = PBXFileReference; lastKnownFileType = sourcecode.swift; path = LocationView.swift; sourceTree = "<group>"; };
		25926CE72B1CA5160030373C /* LocationViewModel.swift */ = {isa = PBXFileReference; lastKnownFileType = sourcecode.swift; path = LocationViewModel.swift; sourceTree = "<group>"; };
		25926CE92B1CA6020030373C /* CurrentConditionsView.swift */ = {isa = PBXFileReference; lastKnownFileType = sourcecode.swift; path = CurrentConditionsView.swift; sourceTree = "<group>"; };
		25926CEB2B1CA6280030373C /* CurrentConditionsViewModel.swift */ = {isa = PBXFileReference; lastKnownFileType = sourcecode.swift; path = CurrentConditionsViewModel.swift; sourceTree = "<group>"; };
		25926CED2B1CA6450030373C /* ForecastView.swift */ = {isa = PBXFileReference; lastKnownFileType = sourcecode.swift; path = ForecastView.swift; sourceTree = "<group>"; };
		25926CEF2B1CA6680030373C /* ForecastViewModel.swift */ = {isa = PBXFileReference; lastKnownFileType = sourcecode.swift; path = ForecastViewModel.swift; sourceTree = "<group>"; };
		25926CF12B1CB6580030373C /* ForecastCellView.swift */ = {isa = PBXFileReference; lastKnownFileType = sourcecode.swift; path = ForecastCellView.swift; sourceTree = "<group>"; };
		25926CF32B1CB6750030373C /* ForecastCellViewModel.swift */ = {isa = PBXFileReference; lastKnownFileType = sourcecode.swift; path = ForecastCellViewModel.swift; sourceTree = "<group>"; };
		25926CF62B1CE6170030373C /* Colors.swift */ = {isa = PBXFileReference; lastKnownFileType = sourcecode.swift; path = Colors.swift; sourceTree = "<group>"; };
		25EA407E2B1CFE2E00A3F086 /* AddLocationView.swift */ = {isa = PBXFileReference; lastKnownFileType = sourcecode.swift; path = AddLocationView.swift; sourceTree = "<group>"; };
		25EA40822B1CFE3E00A3F086 /* AddLocationViewModel.swift */ = {isa = PBXFileReference; lastKnownFileType = sourcecode.swift; path = AddLocationViewModel.swift; sourceTree = "<group>"; };
		25EA40862B1D008700A3F086 /* AddLocationCellView.swift */ = {isa = PBXFileReference; lastKnownFileType = sourcecode.swift; path = AddLocationCellView.swift; sourceTree = "<group>"; };
		25EA40882B1D00C200A3F086 /* AddLocationCellViewModel.swift */ = {isa = PBXFileReference; lastKnownFileType = sourcecode.swift; path = AddLocationCellViewModel.swift; sourceTree = "<group>"; };
		25EA408B2B25F79D00A3F086 /* GeocodingService.swift */ = {isa = PBXFileReference; lastKnownFileType = sourcecode.swift; path = GeocodingService.swift; sourceTree = "<group>"; };
		25EA408D2B25F82B00A3F086 /* GeocodingPreviewClient.swift */ = {isa = PBXFileReference; lastKnownFileType = sourcecode.swift; path = GeocodingPreviewClient.swift; sourceTree = "<group>"; };
		25EA408F2B25F84400A3F086 /* GeocodingClient.swift */ = {isa = PBXFileReference; lastKnownFileType = sourcecode.swift; path = GeocodingClient.swift; sourceTree = "<group>"; };
/* End PBXFileReference section */

/* Begin PBXFrameworksBuildPhase section */
		25926CBF2B1B5F6B0030373C /* Frameworks */ = {
			isa = PBXFrameworksBuildPhase;
			buildActionMask = 2147483647;
			files = (
			);
			runOnlyForDeploymentPostprocessing = 0;
		};
/* End PBXFrameworksBuildPhase section */

/* Begin PBXGroup section */
		254007572B384CCE003DF755 /* Utilities */ = {
			isa = PBXGroup;
			children = (
				254007582B384CD9003DF755 /* WeatherDataDecoder.swift */,
			);
			path = Utilities;
			sourceTree = "<group>";
		};
		2540075A2B3851AB003DF755 /* Services */ = {
			isa = PBXGroup;
			children = (
				2540075B2B3851BD003DF755 /* WeatherService.swift */,
				2540075D2B3852BC003DF755 /* WeatherClient.swift */,
			);
			path = Services;
			sourceTree = "<group>";
		};
		2544407C2B2CB49A00343890 /* Extensions */ = {
			isa = PBXGroup;
			children = (
				2544407D2B2CB4C400343890 /* CLGeocoder+Geocoder.swift */,
				254440832B2F32CF00343890 /* UserDefaults+Location.swift */,
			);
			path = Extensions;
			sourceTree = "<group>";
		};
		254440852B36EC6B00343890 /* Store */ = {
			isa = PBXGroup;
			children = (
				254440862B36EC8100343890 /* Store.swift */,
				254440882B36EFE000343890 /* PreviewStore.swift */,
			);
			path = Store;
			sourceTree = "<group>";
		};
		25926CB92B1B5F6B0030373C = {
			isa = PBXGroup;
			children = (
				25926CC42B1B5F6B0030373C /* Thunderstorm */,
				25926CC32B1B5F6B0030373C /* Products */,
			);
			sourceTree = "<group>";
		};
		25926CC32B1B5F6B0030373C /* Products */ = {
			isa = PBXGroup;
			children = (
				25926CC22B1B5F6B0030373C /* Thunderstorm.app */,
			);
			name = Products;
			sourceTree = "<group>";
		};
		25926CC42B1B5F6B0030373C /* Thunderstorm */ = {
			isa = PBXGroup;
			children = (
				2540075A2B3851AB003DF755 /* Services */,
				254007572B384CCE003DF755 /* Utilities */,
				254440852B36EC6B00343890 /* Store */,
				2544407C2B2CB49A00343890 /* Extensions */,
				25EA408A2B25F79300A3F086 /* Geocoding */,
				25926CDB2B1B66280030373C /* Models */,
				25926CD42B1B60EB0030373C /* Views */,
				25926CD32B1B60E40030373C /* App */,
				25926CF52B1CE6010030373C /* Resources */,
				25926CCB2B1B5F6C0030373C /* Preview Content */,
			);
			path = Thunderstorm;
			sourceTree = "<group>";
		};
		25926CCB2B1B5F6C0030373C /* Preview Content */ = {
			isa = PBXGroup;
			children = (
				25926CCC2B1B5F6C0030373C /* Preview Assets.xcassets */,
				254007532B376820003DF755 /* clearsky.json */,
				254007552B376884003DF755 /* WeatherData+Preview.swift */,
			);
			path = "Preview Content";
			sourceTree = "<group>";
		};
		25926CD32B1B60E40030373C /* App */ = {
			isa = PBXGroup;
			children = (
				25926CC52B1B5F6B0030373C /* ThunderstormApp.swift */,
			);
			path = App;
			sourceTree = "<group>";
		};
		25926CD42B1B60EB0030373C /* Views */ = {
			isa = PBXGroup;
			children = (
				25EA407D2B1CFE1900A3F086 /* Add Location */,
				25926CE32B1CA4FD0030373C /* Location */,
				25926CD62B1B60FB0030373C /* Locations */,
			);
			path = Views;
			sourceTree = "<group>";
		};
		25926CD52B1B60F20030373C /* View Models */ = {
			isa = PBXGroup;
			children = (
				25926CD92B1B610A0030373C /* LocationsViewModel.swift */,
				25926CDE2B1B678F0030373C /* LocationCellViewModel.swift */,
			);
			path = "View Models";
			sourceTree = "<group>";
		};
		25926CD62B1B60FB0030373C /* Locations */ = {
			isa = PBXGroup;
			children = (
				25926CD52B1B60F20030373C /* View Models */,
				25926CD72B1B61020030373C /* LocationsView.swift */,
				25926CE12B1BBFC80030373C /* LocationCellView.swift */,
			);
			path = Locations;
			sourceTree = "<group>";
		};
		25926CDB2B1B66280030373C /* Models */ = {
			isa = PBXGroup;
			children = (
				25926CDC2B1B662E0030373C /* Location.swift */,
				254007512B3761F9003DF755 /* WeatherData.swift */,
			);
			path = Models;
			sourceTree = "<group>";
		};
		25926CE32B1CA4FD0030373C /* Location */ = {
			isa = PBXGroup;
			children = (
				25926CE42B1CA5090030373C /* LocationView.swift */,
				25926CE92B1CA6020030373C /* CurrentConditionsView.swift */,
				25926CED2B1CA6450030373C /* ForecastView.swift */,
				25926CF12B1CB6580030373C /* ForecastCellView.swift */,
				25926CE62B1CA50B0030373C /* View Models */,
			);
			path = Location;
			sourceTree = "<group>";
		};
		25926CE62B1CA50B0030373C /* View Models */ = {
			isa = PBXGroup;
			children = (
				25926CE72B1CA5160030373C /* LocationViewModel.swift */,
				25926CEB2B1CA6280030373C /* CurrentConditionsViewModel.swift */,
				25926CEF2B1CA6680030373C /* ForecastViewModel.swift */,
				25926CF32B1CB6750030373C /* ForecastCellViewModel.swift */,
			);
			path = "View Models";
			sourceTree = "<group>";
		};
		25926CF52B1CE6010030373C /* Resources */ = {
			isa = PBXGroup;
			children = (
				25926CC92B1B5F6C0030373C /* Assets.xcassets */,
				25926CF62B1CE6170030373C /* Colors.swift */,
			);
			path = Resources;
			sourceTree = "<group>";
		};
		25EA407D2B1CFE1900A3F086 /* Add Location */ = {
			isa = PBXGroup;
			children = (
				25EA40842B1D007400A3F086 /* View Models */,
				25EA407E2B1CFE2E00A3F086 /* AddLocationView.swift */,
				25EA40862B1D008700A3F086 /* AddLocationCellView.swift */,
				2544407F2B2DBFEE00343890 /* MessageView.swift */,
				254440812B2DC01C00343890 /* AddLocationListView.swift */,
			);
			path = "Add Location";
			sourceTree = "<group>";
		};
		25EA40842B1D007400A3F086 /* View Models */ = {
			isa = PBXGroup;
			children = (
				25EA40822B1CFE3E00A3F086 /* AddLocationViewModel.swift */,
				25EA40882B1D00C200A3F086 /* AddLocationCellViewModel.swift */,
			);
			path = "View Models";
			sourceTree = "<group>";
		};
		25EA408A2B25F79300A3F086 /* Geocoding */ = {
			isa = PBXGroup;
			children = (
				25EA408B2B25F79D00A3F086 /* GeocodingService.swift */,
				25EA408D2B25F82B00A3F086 /* GeocodingPreviewClient.swift */,
				25EA408F2B25F84400A3F086 /* GeocodingClient.swift */,
				2544407A2B2CB45900343890 /* Geocoder.swift */,
			);
			path = Geocoding;
			sourceTree = "<group>";
		};
/* End PBXGroup section */

/* Begin PBXNativeTarget section */
		25926CC12B1B5F6B0030373C /* Thunderstorm */ = {
			isa = PBXNativeTarget;
			buildConfigurationList = 25926CD02B1B5F6C0030373C /* Build configuration list for PBXNativeTarget "Thunderstorm" */;
			buildPhases = (
				25926CBE2B1B5F6B0030373C /* Sources */,
				25926CBF2B1B5F6B0030373C /* Frameworks */,
				25926CC02B1B5F6B0030373C /* Resources */,
			);
			buildRules = (
			);
			dependencies = (
			);
			name = Thunderstorm;
			productName = Thunderstorm;
			productReference = 25926CC22B1B5F6B0030373C /* Thunderstorm.app */;
			productType = "com.apple.product-type.application";
		};
/* End PBXNativeTarget section */

/* Begin PBXProject section */
		25926CBA2B1B5F6B0030373C /* Project object */ = {
			isa = PBXProject;
			attributes = {
				BuildIndependentTargetsInParallel = 1;
				LastSwiftUpdateCheck = 1500;
				LastUpgradeCheck = 1500;
				TargetAttributes = {
					25926CC12B1B5F6B0030373C = {
						CreatedOnToolsVersion = 15.0.1;
					};
				};
			};
			buildConfigurationList = 25926CBD2B1B5F6B0030373C /* Build configuration list for PBXProject "Thunderstorm" */;
			compatibilityVersion = "Xcode 14.0";
			developmentRegion = en;
			hasScannedForEncodings = 0;
			knownRegions = (
				en,
				Base,
			);
			mainGroup = 25926CB92B1B5F6B0030373C;
			productRefGroup = 25926CC32B1B5F6B0030373C /* Products */;
			projectDirPath = "";
			projectRoot = "";
			targets = (
				25926CC12B1B5F6B0030373C /* Thunderstorm */,
			);
		};
/* End PBXProject section */

/* Begin PBXResourcesBuildPhase section */
		25926CC02B1B5F6B0030373C /* Resources */ = {
			isa = PBXResourcesBuildPhase;
			buildActionMask = 2147483647;
			files = (
				254007542B376820003DF755 /* clearsky.json in Resources */,
				25926CCD2B1B5F6C0030373C /* Preview Assets.xcassets in Resources */,
				25926CCA2B1B5F6C0030373C /* Assets.xcassets in Resources */,
			);
			runOnlyForDeploymentPostprocessing = 0;
		};
/* End PBXResourcesBuildPhase section */

/* Begin PBXSourcesBuildPhase section */
		25926CBE2B1B5F6B0030373C /* Sources */ = {
			isa = PBXSourcesBuildPhase;
			buildActionMask = 2147483647;
			files = (
				25EA40872B1D008700A3F086 /* AddLocationCellView.swift in Sources */,
				25EA408C2B25F79D00A3F086 /* GeocodingService.swift in Sources */,
				25926CEC2B1CA6280030373C /* CurrentConditionsViewModel.swift in Sources */,
				25EA40892B1D00C200A3F086 /* AddLocationCellViewModel.swift in Sources */,
				25926CF72B1CE6170030373C /* Colors.swift in Sources */,
				254440822B2DC01C00343890 /* AddLocationListView.swift in Sources */,
				25926CEA2B1CA6020030373C /* CurrentConditionsView.swift in Sources */,
				254440872B36EC8100343890 /* Store.swift in Sources */,
				2544407E2B2CB4C400343890 /* CLGeocoder+Geocoder.swift in Sources */,
				25926CEE2B1CA6450030373C /* ForecastView.swift in Sources */,
				25926CF22B1CB6580030373C /* ForecastCellView.swift in Sources */,
				25926CD82B1B61020030373C /* LocationsView.swift in Sources */,
				25EA40902B25F84400A3F086 /* GeocodingClient.swift in Sources */,
				2540075C2B3851BD003DF755 /* WeatherService.swift in Sources */,
				2544407B2B2CB45900343890 /* Geocoder.swift in Sources */,
				25926CC62B1B5F6B0030373C /* ThunderstormApp.swift in Sources */,
				25EA40832B1CFE3E00A3F086 /* AddLocationViewModel.swift in Sources */,
				254007522B3761F9003DF755 /* WeatherData.swift in Sources */,
				25926CDD2B1B662E0030373C /* Location.swift in Sources */,
				25926CDA2B1B610A0030373C /* LocationsViewModel.swift in Sources */,
				254007592B384CD9003DF755 /* WeatherDataDecoder.swift in Sources */,
				254440892B36EFE000343890 /* PreviewStore.swift in Sources */,
				254440842B2F32CF00343890 /* UserDefaults+Location.swift in Sources */,
				25EA408E2B25F82B00A3F086 /* GeocodingPreviewClient.swift in Sources */,
				25926CE52B1CA5090030373C /* LocationView.swift in Sources */,
				25926CF42B1CB6750030373C /* ForecastCellViewModel.swift in Sources */,
				25926CE22B1BBFC80030373C /* LocationCellView.swift in Sources */,
				25926CF02B1CA6680030373C /* ForecastViewModel.swift in Sources */,
				25EA407F2B1CFE2E00A3F086 /* AddLocationView.swift in Sources */,
				25926CDF2B1B678F0030373C /* LocationCellViewModel.swift in Sources */,
				25926CE82B1CA5160030373C /* LocationViewModel.swift in Sources */,
				2540075E2B3852BC003DF755 /* WeatherClient.swift in Sources */,
				254007562B376884003DF755 /* WeatherData+Preview.swift in Sources */,
				254440802B2DBFEE00343890 /* MessageView.swift in Sources */,
			);
			runOnlyForDeploymentPostprocessing = 0;
		};
/* End PBXSourcesBuildPhase section */

/* Begin XCBuildConfiguration section */
		25926CCE2B1B5F6C0030373C /* Debug */ = {
			isa = XCBuildConfiguration;
			buildSettings = {
				ALWAYS_SEARCH_USER_PATHS = NO;
				ASSETCATALOG_COMPILER_GENERATE_SWIFT_ASSET_SYMBOL_EXTENSIONS = YES;
				CLANG_ANALYZER_NONNULL = YES;
				CLANG_ANALYZER_NUMBER_OBJECT_CONVERSION = YES_AGGRESSIVE;
				CLANG_CXX_LANGUAGE_STANDARD = "gnu++20";
				CLANG_ENABLE_MODULES = YES;
				CLANG_ENABLE_OBJC_ARC = YES;
				CLANG_ENABLE_OBJC_WEAK = YES;
				CLANG_WARN_BLOCK_CAPTURE_AUTORELEASING = YES;
				CLANG_WARN_BOOL_CONVERSION = YES;
				CLANG_WARN_COMMA = YES;
				CLANG_WARN_CONSTANT_CONVERSION = YES;
				CLANG_WARN_DEPRECATED_OBJC_IMPLEMENTATIONS = YES;
				CLANG_WARN_DIRECT_OBJC_ISA_USAGE = YES_ERROR;
				CLANG_WARN_DOCUMENTATION_COMMENTS = YES;
				CLANG_WARN_EMPTY_BODY = YES;
				CLANG_WARN_ENUM_CONVERSION = YES;
				CLANG_WARN_INFINITE_RECURSION = YES;
				CLANG_WARN_INT_CONVERSION = YES;
				CLANG_WARN_NON_LITERAL_NULL_CONVERSION = YES;
				CLANG_WARN_OBJC_IMPLICIT_RETAIN_SELF = YES;
				CLANG_WARN_OBJC_LITERAL_CONVERSION = YES;
				CLANG_WARN_OBJC_ROOT_CLASS = YES_ERROR;
				CLANG_WARN_QUOTED_INCLUDE_IN_FRAMEWORK_HEADER = YES;
				CLANG_WARN_RANGE_LOOP_ANALYSIS = YES;
				CLANG_WARN_STRICT_PROTOTYPES = YES;
				CLANG_WARN_SUSPICIOUS_MOVE = YES;
				CLANG_WARN_UNGUARDED_AVAILABILITY = YES_AGGRESSIVE;
				CLANG_WARN_UNREACHABLE_CODE = YES;
				CLANG_WARN__DUPLICATE_METHOD_MATCH = YES;
				COPY_PHASE_STRIP = NO;
				DEBUG_INFORMATION_FORMAT = dwarf;
				ENABLE_STRICT_OBJC_MSGSEND = YES;
				ENABLE_TESTABILITY = YES;
				ENABLE_USER_SCRIPT_SANDBOXING = YES;
				GCC_C_LANGUAGE_STANDARD = gnu17;
				GCC_DYNAMIC_NO_PIC = NO;
				GCC_NO_COMMON_BLOCKS = YES;
				GCC_OPTIMIZATION_LEVEL = 0;
				GCC_PREPROCESSOR_DEFINITIONS = (
					"DEBUG=1",
					"$(inherited)",
				);
				GCC_WARN_64_TO_32_BIT_CONVERSION = YES;
				GCC_WARN_ABOUT_RETURN_TYPE = YES_ERROR;
				GCC_WARN_UNDECLARED_SELECTOR = YES;
				GCC_WARN_UNINITIALIZED_AUTOS = YES_AGGRESSIVE;
				GCC_WARN_UNUSED_FUNCTION = YES;
				GCC_WARN_UNUSED_VARIABLE = YES;
				IPHONEOS_DEPLOYMENT_TARGET = 17.0;
				LOCALIZATION_PREFERS_STRING_CATALOGS = YES;
				MTL_ENABLE_DEBUG_INFO = INCLUDE_SOURCE;
				MTL_FAST_MATH = YES;
				ONLY_ACTIVE_ARCH = YES;
				SDKROOT = iphoneos;
				SWIFT_ACTIVE_COMPILATION_CONDITIONS = "DEBUG $(inherited)";
				SWIFT_OPTIMIZATION_LEVEL = "-Onone";
			};
			name = Debug;
		};
		25926CCF2B1B5F6C0030373C /* Release */ = {
			isa = XCBuildConfiguration;
			buildSettings = {
				ALWAYS_SEARCH_USER_PATHS = NO;
				ASSETCATALOG_COMPILER_GENERATE_SWIFT_ASSET_SYMBOL_EXTENSIONS = YES;
				CLANG_ANALYZER_NONNULL = YES;
				CLANG_ANALYZER_NUMBER_OBJECT_CONVERSION = YES_AGGRESSIVE;
				CLANG_CXX_LANGUAGE_STANDARD = "gnu++20";
				CLANG_ENABLE_MODULES = YES;
				CLANG_ENABLE_OBJC_ARC = YES;
				CLANG_ENABLE_OBJC_WEAK = YES;
				CLANG_WARN_BLOCK_CAPTURE_AUTORELEASING = YES;
				CLANG_WARN_BOOL_CONVERSION = YES;
				CLANG_WARN_COMMA = YES;
				CLANG_WARN_CONSTANT_CONVERSION = YES;
				CLANG_WARN_DEPRECATED_OBJC_IMPLEMENTATIONS = YES;
				CLANG_WARN_DIRECT_OBJC_ISA_USAGE = YES_ERROR;
				CLANG_WARN_DOCUMENTATION_COMMENTS = YES;
				CLANG_WARN_EMPTY_BODY = YES;
				CLANG_WARN_ENUM_CONVERSION = YES;
				CLANG_WARN_INFINITE_RECURSION = YES;
				CLANG_WARN_INT_CONVERSION = YES;
				CLANG_WARN_NON_LITERAL_NULL_CONVERSION = YES;
				CLANG_WARN_OBJC_IMPLICIT_RETAIN_SELF = YES;
				CLANG_WARN_OBJC_LITERAL_CONVERSION = YES;
				CLANG_WARN_OBJC_ROOT_CLASS = YES_ERROR;
				CLANG_WARN_QUOTED_INCLUDE_IN_FRAMEWORK_HEADER = YES;
				CLANG_WARN_RANGE_LOOP_ANALYSIS = YES;
				CLANG_WARN_STRICT_PROTOTYPES = YES;
				CLANG_WARN_SUSPICIOUS_MOVE = YES;
				CLANG_WARN_UNGUARDED_AVAILABILITY = YES_AGGRESSIVE;
				CLANG_WARN_UNREACHABLE_CODE = YES;
				CLANG_WARN__DUPLICATE_METHOD_MATCH = YES;
				COPY_PHASE_STRIP = NO;
				DEBUG_INFORMATION_FORMAT = "dwarf-with-dsym";
				ENABLE_NS_ASSERTIONS = NO;
				ENABLE_STRICT_OBJC_MSGSEND = YES;
				ENABLE_USER_SCRIPT_SANDBOXING = YES;
				GCC_C_LANGUAGE_STANDARD = gnu17;
				GCC_NO_COMMON_BLOCKS = YES;
				GCC_WARN_64_TO_32_BIT_CONVERSION = YES;
				GCC_WARN_ABOUT_RETURN_TYPE = YES_ERROR;
				GCC_WARN_UNDECLARED_SELECTOR = YES;
				GCC_WARN_UNINITIALIZED_AUTOS = YES_AGGRESSIVE;
				GCC_WARN_UNUSED_FUNCTION = YES;
				GCC_WARN_UNUSED_VARIABLE = YES;
				IPHONEOS_DEPLOYMENT_TARGET = 17.0;
				LOCALIZATION_PREFERS_STRING_CATALOGS = YES;
				MTL_ENABLE_DEBUG_INFO = NO;
				MTL_FAST_MATH = YES;
				SDKROOT = iphoneos;
				SWIFT_COMPILATION_MODE = wholemodule;
				VALIDATE_PRODUCT = YES;
			};
			name = Release;
		};
		25926CD12B1B5F6C0030373C /* Debug */ = {
			isa = XCBuildConfiguration;
			buildSettings = {
				ASSETCATALOG_COMPILER_APPICON_NAME = AppIcon;
				ASSETCATALOG_COMPILER_GLOBAL_ACCENT_COLOR_NAME = AccentColor;
				CODE_SIGN_STYLE = Automatic;
				CURRENT_PROJECT_VERSION = 1;
				DEVELOPMENT_ASSET_PATHS = "\"Thunderstorm/Preview Content\"";
				ENABLE_PREVIEWS = YES;
				GENERATE_INFOPLIST_FILE = YES;
				INFOPLIST_KEY_UIApplicationSceneManifest_Generation = YES;
				INFOPLIST_KEY_UIApplicationSupportsIndirectInputEvents = YES;
				INFOPLIST_KEY_UILaunchScreen_Generation = YES;
				INFOPLIST_KEY_UISupportedInterfaceOrientations = UIInterfaceOrientationPortrait;
				INFOPLIST_KEY_UISupportedInterfaceOrientations_iPad = UIInterfaceOrientationLandscapeRight;
				LD_RUNPATH_SEARCH_PATHS = (
					"$(inherited)",
					"@executable_path/Frameworks",
				);
				MARKETING_VERSION = 1.0;
				PRODUCT_BUNDLE_IDENTIFIER = test.Thunderstorm;
				PRODUCT_NAME = "$(TARGET_NAME)";
				SWIFT_EMIT_LOC_STRINGS = YES;
				SWIFT_VERSION = 5.0;
				TARGETED_DEVICE_FAMILY = "1,2";
			};
			name = Debug;
		};
		25926CD22B1B5F6C0030373C /* Release */ = {
			isa = XCBuildConfiguration;
			buildSettings = {
				ASSETCATALOG_COMPILER_APPICON_NAME = AppIcon;
				ASSETCATALOG_COMPILER_GLOBAL_ACCENT_COLOR_NAME = AccentColor;
				CODE_SIGN_STYLE = Automatic;
				CURRENT_PROJECT_VERSION = 1;
				DEVELOPMENT_ASSET_PATHS = "\"Thunderstorm/Preview Content\"";
				ENABLE_PREVIEWS = YES;
				GENERATE_INFOPLIST_FILE = YES;
				INFOPLIST_KEY_UIApplicationSceneManifest_Generation = YES;
				INFOPLIST_KEY_UIApplicationSupportsIndirectInputEvents = YES;
				INFOPLIST_KEY_UILaunchScreen_Generation = YES;
				INFOPLIST_KEY_UISupportedInterfaceOrientations = UIInterfaceOrientationPortrait;
				INFOPLIST_KEY_UISupportedInterfaceOrientations_iPad = UIInterfaceOrientationLandscapeRight;
				LD_RUNPATH_SEARCH_PATHS = (
					"$(inherited)",
					"@executable_path/Frameworks",
				);
				MARKETING_VERSION = 1.0;
				PRODUCT_BUNDLE_IDENTIFIER = test.Thunderstorm;
				PRODUCT_NAME = "$(TARGET_NAME)";
				SWIFT_EMIT_LOC_STRINGS = YES;
				SWIFT_VERSION = 5.0;
				TARGETED_DEVICE_FAMILY = "1,2";
			};
			name = Release;
		};
/* End XCBuildConfiguration section */

/* Begin XCConfigurationList section */
		25926CBD2B1B5F6B0030373C /* Build configuration list for PBXProject "Thunderstorm" */ = {
			isa = XCConfigurationList;
			buildConfigurations = (
				25926CCE2B1B5F6C0030373C /* Debug */,
				25926CCF2B1B5F6C0030373C /* Release */,
			);
			defaultConfigurationIsVisible = 0;
			defaultConfigurationName = Release;
		};
		25926CD02B1B5F6C0030373C /* Build configuration list for PBXNativeTarget "Thunderstorm" */ = {
			isa = XCConfigurationList;
			buildConfigurations = (
				25926CD12B1B5F6C0030373C /* Debug */,
				25926CD22B1B5F6C0030373C /* Release */,
			);
			defaultConfigurationIsVisible = 0;
			defaultConfigurationName = Release;
		};
/* End XCConfigurationList section */
	};
	rootObject = 25926CBA2B1B5F6B0030373C /* Project object */;
}
